
Microsoft Visual Studio Solution File, Format Version 12.00
# Visual Studio Version 17
VisualStudioVersion = 17.11.35327.3
MinimumVisualStudioVersion = 10.0.40219.1
Project("{2150E333-8FDC-42A3-9474-1A3956D46DE8}") = "Task0", "Task0", "{DD4E37F3-B676-44FF-804F-5043C4AA67FA}"
EndProject
Project("{9A19103F-16F7-4668-BE54-9A1E7A4F7556}") = "Tyuiu.BabaiKV.Sprint5.Task0.V27", "Tyuiu.BabaiKV.Sprint5.Task0.V27\Tyuiu.BabaiKV.Sprint5.Task0.V27.csproj", "{0B69C351-5ADB-48B5-BB91-F39F34AA5E58}"
EndProject
Project("{9A19103F-16F7-4668-BE54-9A1E7A4F7556}") = "Tyuiu.BabaiKV.Sprint5.Task0.V27.Lib", "Tyuiu.BabaiKV.Sprint5.Task0.V27.Lib\Tyuiu.BabaiKV.Sprint5.Task0.V27.Lib.csproj", "{0915B0CD-A2BB-4886-9CA2-AD65177D2530}"
EndProject
Project("{9A19103F-16F7-4668-BE54-9A1E7A4F7556}") = "Tyuiu.BabaiKV.Sprint5.Task0.V27.Test", "Tyuiu.BabaiKV.Sprint5.Task0.V27.Test\Tyuiu.BabaiKV.Sprint5.Task0.V27.Test.csproj", "{6ACCF2C9-5C4D-4CDB-A179-E86F9E4630D6}"
EndProject
Project("{2150E333-8FDC-42A3-9474-1A3956D46DE8}") = "Task1", "Task1", "{0D0AE04C-8EF5-40B5-9F76-2728FEBEA104}"
EndProject
Project("{9A19103F-16F7-4668-BE54-9A1E7A4F7556}") = "Tyuiu.BabaiKV.Sprint5.Task1.V30", "Tyuiu.BabaiKV.Sprint5.Task1.V30\Tyuiu.BabaiKV.Sprint5.Task1.V30.csproj", "{F5E96CC0-22FE-45A8-A0D2-BF3A0D6F5A72}"
EndProject
Project("{9A19103F-16F7-4668-BE54-9A1E7A4F7556}") = "Tyuiu.BabaiKV.Sprint5.Task1.V30.Lib", "Tyuiu.BabaiKV.Sprint5.Task1.V30.Lib\Tyuiu.BabaiKV.Sprint5.Task1.V30.Lib.csproj", "{236B8C68-35A1-4559-9E72-4940077C642E}"
EndProject
Project("{9A19103F-16F7-4668-BE54-9A1E7A4F7556}") = "Tyuiu.BabaiKV.Sprint5.Task1.V30.Test", "Tyuiu.BabaiKV.Sprint5.Task1.V30.Test\Tyuiu.BabaiKV.Sprint5.Task1.V30.Test.csproj", "{5CD50914-CCF0-4D1E-915C-38C0B81AFF7F}"
EndProject
Project("{2150E333-8FDC-42A3-9474-1A3956D46DE8}") = "Task2", "Task2", "{9CC815BE-CD28-4ACA-BBDB-45E94CB56F57}"
EndProject
Project("{9A19103F-16F7-4668-BE54-9A1E7A4F7556}") = "Tyuiu.BabaiKV.Sprint5.Task2.V7", "Tyuiu.BabaiKV.Sprint5.Task2.V7\Tyuiu.BabaiKV.Sprint5.Task2.V7.csproj", "{16BCCF12-1112-4F73-AD35-DC648FA48E7F}"
EndProject
Project("{9A19103F-16F7-4668-BE54-9A1E7A4F7556}") = "Tyuiu.BabaiKV.Sprint5.Task2.V7.Lib", "Tyuiu.BabaiKV.Sprint5.Task2.V7.Lib\Tyuiu.BabaiKV.Sprint5.Task2.V7.Lib.csproj", "{B37BBDCE-0191-4E37-8937-9C64E508ECE0}"
EndProject
Project("{9A19103F-16F7-4668-BE54-9A1E7A4F7556}") = "Tyuiu.BabaiKV.Sprint5.Task2.V7.Test", "Tyuiu.BabaiKV.Sprint5.Task2.V7.Test\Tyuiu.BabaiKV.Sprint5.Task2.V7.Test.csproj", "{E7C32AD5-8A18-401E-90FA-F63089D9B766}"
EndProject
Project("{2150E333-8FDC-42A3-9474-1A3956D46DE8}") = "Task3", "Task3", "{5584B81E-42B5-4DE5-B6C4-624208353C3D}"
EndProject
Project("{9A19103F-16F7-4668-BE54-9A1E7A4F7556}") = "Tyuiu.BabaiKV.Sprint5.Task3.V18", "Tyuiu.BabaiKV.Sprint5.Task3.V18\Tyuiu.BabaiKV.Sprint5.Task3.V18.csproj", "{5BBDF657-B330-4B92-B825-FCFC06BA5D10}"
EndProject
Project("{9A19103F-16F7-4668-BE54-9A1E7A4F7556}") = "Tyuiu.BabaiKV.Sprint5.Task3.V18.Lib", "Tyuiu.BabaiKV.Sprint5.Task3.V18.Lib\Tyuiu.BabaiKV.Sprint5.Task3.V18.Lib.csproj", "{3F689790-E540-4E10-BF5B-71B44A529BF3}"
EndProject
Project("{9A19103F-16F7-4668-BE54-9A1E7A4F7556}") = "Tyuiu.BabaiKV.Sprint5.Task3.V18.Test", "Tyuiu.BabaiKV.Sprint5.Task3.V18.Test\Tyuiu.BabaiKV.Sprint5.Task3.V18.Test.csproj", "{A4B787BD-6DE7-43A0-A0D7-BB81286CCC4C}"
EndProject
Project("{2150E333-8FDC-42A3-9474-1A3956D46DE8}") = "Task4", "Task4", "{617C1EBA-548F-4FC5-ADC3-135AB029354A}"
EndProject
Project("{FAE04EC0-301F-11D3-BF4B-00C04F79EFBC}") = "Tyuiu.BabaiKV.Sprint5.Task4.V9", "Tyuiu.BabaiKV.Sprint5.Task4.V9\Tyuiu.BabaiKV.Sprint5.Task4.V9.csproj", "{8F707071-E634-4D20-9623-53118985508C}"
EndProject
Project("{FAE04EC0-301F-11D3-BF4B-00C04F79EFBC}") = "Tyuiu.BabaiKV.Sprint5.Task4.V9.Lib", "Tyuiu.BabaiKV.Sprint5.Task4.V9.Lib\Tyuiu.BabaiKV.Sprint5.Task4.V9.Lib.csproj", "{D7BFBFB9-1192-41ED-9598-48E5B940C4B8}"
EndProject
Project("{FAE04EC0-301F-11D3-BF4B-00C04F79EFBC}") = "Tyuiu.BabaiKV.Sprint5.Task4.V9.Test", "Tyuiu.BabaiKV.Sprint5.Task4.V9.Test\Tyuiu.BabaiKV.Sprint5.Task4.V9.Test.csproj", "{B81C05BC-6EEA-4FB7-B99F-AE9E5C5FB5B2}"
EndProject
Project("{2150E333-8FDC-42A3-9474-1A3956D46DE8}") = "Task5", "Task5", "{BAD9A276-28E1-4C21-8121-78F47E49500B}"
EndProject
Project("{FAE04EC0-301F-11D3-BF4B-00C04F79EFBC}") = "Tyuiu.BabaiKV.Sprint5.Task5.V16", "Tyuiu.BabaiKV.Sprint5.Task5.V16\Tyuiu.BabaiKV.Sprint5.Task5.V16.csproj", "{B4D48B1E-36A0-422E-82CF-3F0B7720EBD1}"
EndProject
Project("{FAE04EC0-301F-11D3-BF4B-00C04F79EFBC}") = "Tyuiu.BabaiKV.Sprint5.Task5.V16.Lib", "Tyuiu.BabaiKV.Sprint5.Task5.V16.Lib\Tyuiu.BabaiKV.Sprint5.Task5.V16.Lib.csproj", "{8722D312-6306-4A83-ADE4-6B9E28B2A1AF}"
EndProject
Project("{FAE04EC0-301F-11D3-BF4B-00C04F79EFBC}") = "Tyuiu.BabaiKV.Sprint5.Task5.V16.Test", "Tyuiu.BabaiKV.Sprint5.Task5.V16.Test\Tyuiu.BabaiKV.Sprint5.Task5.V16.Test.csproj", "{8023A114-FD04-47D5-90B6-DDDDF5AF9A17}"
EndProject
Global
	GlobalSection(SolutionConfigurationPlatforms) = preSolution
		Debug|Any CPU = Debug|Any CPU
		Release|Any CPU = Release|Any CPU
	EndGlobalSection
	GlobalSection(ProjectConfigurationPlatforms) = postSolution
		{0B69C351-5ADB-48B5-BB91-F39F34AA5E58}.Debug|Any CPU.ActiveCfg = Debug|Any CPU
		{0B69C351-5ADB-48B5-BB91-F39F34AA5E58}.Debug|Any CPU.Build.0 = Debug|Any CPU
		{0B69C351-5ADB-48B5-BB91-F39F34AA5E58}.Release|Any CPU.ActiveCfg = Release|Any CPU
		{0B69C351-5ADB-48B5-BB91-F39F34AA5E58}.Release|Any CPU.Build.0 = Release|Any CPU
		{0915B0CD-A2BB-4886-9CA2-AD65177D2530}.Debug|Any CPU.ActiveCfg = Debug|Any CPU
		{0915B0CD-A2BB-4886-9CA2-AD65177D2530}.Debug|Any CPU.Build.0 = Debug|Any CPU
		{0915B0CD-A2BB-4886-9CA2-AD65177D2530}.Release|Any CPU.ActiveCfg = Release|Any CPU
		{0915B0CD-A2BB-4886-9CA2-AD65177D2530}.Release|Any CPU.Build.0 = Release|Any CPU
		{6ACCF2C9-5C4D-4CDB-A179-E86F9E4630D6}.Debug|Any CPU.ActiveCfg = Debug|Any CPU
		{6ACCF2C9-5C4D-4CDB-A179-E86F9E4630D6}.Debug|Any CPU.Build.0 = Debug|Any CPU
		{6ACCF2C9-5C4D-4CDB-A179-E86F9E4630D6}.Release|Any CPU.ActiveCfg = Release|Any CPU
		{6ACCF2C9-5C4D-4CDB-A179-E86F9E4630D6}.Release|Any CPU.Build.0 = Release|Any CPU
		{F5E96CC0-22FE-45A8-A0D2-BF3A0D6F5A72}.Debug|Any CPU.ActiveCfg = Debug|Any CPU
		{F5E96CC0-22FE-45A8-A0D2-BF3A0D6F5A72}.Debug|Any CPU.Build.0 = Debug|Any CPU
		{F5E96CC0-22FE-45A8-A0D2-BF3A0D6F5A72}.Release|Any CPU.ActiveCfg = Release|Any CPU
		{F5E96CC0-22FE-45A8-A0D2-BF3A0D6F5A72}.Release|Any CPU.Build.0 = Release|Any CPU
		{236B8C68-35A1-4559-9E72-4940077C642E}.Debug|Any CPU.ActiveCfg = Debug|Any CPU
		{236B8C68-35A1-4559-9E72-4940077C642E}.Debug|Any CPU.Build.0 = Debug|Any CPU
		{236B8C68-35A1-4559-9E72-4940077C642E}.Release|Any CPU.ActiveCfg = Release|Any CPU
		{236B8C68-35A1-4559-9E72-4940077C642E}.Release|Any CPU.Build.0 = Release|Any CPU
		{5CD50914-CCF0-4D1E-915C-38C0B81AFF7F}.Debug|Any CPU.ActiveCfg = Debug|Any CPU
		{5CD50914-CCF0-4D1E-915C-38C0B81AFF7F}.Debug|Any CPU.Build.0 = Debug|Any CPU
		{5CD50914-CCF0-4D1E-915C-38C0B81AFF7F}.Release|Any CPU.ActiveCfg = Release|Any CPU
		{5CD50914-CCF0-4D1E-915C-38C0B81AFF7F}.Release|Any CPU.Build.0 = Release|Any CPU
		{16BCCF12-1112-4F73-AD35-DC648FA48E7F}.Debug|Any CPU.ActiveCfg = Debug|Any CPU
		{16BCCF12-1112-4F73-AD35-DC648FA48E7F}.Debug|Any CPU.Build.0 = Debug|Any CPU
		{16BCCF12-1112-4F73-AD35-DC648FA48E7F}.Release|Any CPU.ActiveCfg = Release|Any CPU
		{16BCCF12-1112-4F73-AD35-DC648FA48E7F}.Release|Any CPU.Build.0 = Release|Any CPU
		{B37BBDCE-0191-4E37-8937-9C64E508ECE0}.Debug|Any CPU.ActiveCfg = Debug|Any CPU
		{B37BBDCE-0191-4E37-8937-9C64E508ECE0}.Debug|Any CPU.Build.0 = Debug|Any CPU
		{B37BBDCE-0191-4E37-8937-9C64E508ECE0}.Release|Any CPU.ActiveCfg = Release|Any CPU
		{B37BBDCE-0191-4E37-8937-9C64E508ECE0}.Release|Any CPU.Build.0 = Release|Any CPU
		{E7C32AD5-8A18-401E-90FA-F63089D9B766}.Debug|Any CPU.ActiveCfg = Debug|Any CPU
		{E7C32AD5-8A18-401E-90FA-F63089D9B766}.Debug|Any CPU.Build.0 = Debug|Any CPU
		{E7C32AD5-8A18-401E-90FA-F63089D9B766}.Release|Any CPU.ActiveCfg = Release|Any CPU
		{E7C32AD5-8A18-401E-90FA-F63089D9B766}.Release|Any CPU.Build.0 = Release|Any CPU
		{5BBDF657-B330-4B92-B825-FCFC06BA5D10}.Debug|Any CPU.ActiveCfg = Debug|Any CPU
		{5BBDF657-B330-4B92-B825-FCFC06BA5D10}.Debug|Any CPU.Build.0 = Debug|Any CPU
		{5BBDF657-B330-4B92-B825-FCFC06BA5D10}.Release|Any CPU.ActiveCfg = Release|Any CPU
		{5BBDF657-B330-4B92-B825-FCFC06BA5D10}.Release|Any CPU.Build.0 = Release|Any CPU
		{3F689790-E540-4E10-BF5B-71B44A529BF3}.Debug|Any CPU.ActiveCfg = Debug|Any CPU
		{3F689790-E540-4E10-BF5B-71B44A529BF3}.Debug|Any CPU.Build.0 = Debug|Any CPU
		{3F689790-E540-4E10-BF5B-71B44A529BF3}.Release|Any CPU.ActiveCfg = Release|Any CPU
		{3F689790-E540-4E10-BF5B-71B44A529BF3}.Release|Any CPU.Build.0 = Release|Any CPU
		{A4B787BD-6DE7-43A0-A0D7-BB81286CCC4C}.Debug|Any CPU.ActiveCfg = Debug|Any CPU
		{A4B787BD-6DE7-43A0-A0D7-BB81286CCC4C}.Debug|Any CPU.Build.0 = Debug|Any CPU
		{A4B787BD-6DE7-43A0-A0D7-BB81286CCC4C}.Release|Any CPU.ActiveCfg = Release|Any CPU
		{A4B787BD-6DE7-43A0-A0D7-BB81286CCC4C}.Release|Any CPU.Build.0 = Release|Any CPU
		{8F707071-E634-4D20-9623-53118985508C}.Debug|Any CPU.ActiveCfg = Debug|Any CPU
		{8F707071-E634-4D20-9623-53118985508C}.Debug|Any CPU.Build.0 = Debug|Any CPU
		{8F707071-E634-4D20-9623-53118985508C}.Release|Any CPU.ActiveCfg = Release|Any CPU
		{8F707071-E634-4D20-9623-53118985508C}.Release|Any CPU.Build.0 = Release|Any CPU
		{D7BFBFB9-1192-41ED-9598-48E5B940C4B8}.Debug|Any CPU.ActiveCfg = Debug|Any CPU
		{D7BFBFB9-1192-41ED-9598-48E5B940C4B8}.Debug|Any CPU.Build.0 = Debug|Any CPU
		{D7BFBFB9-1192-41ED-9598-48E5B940C4B8}.Release|Any CPU.ActiveCfg = Release|Any CPU
		{D7BFBFB9-1192-41ED-9598-48E5B940C4B8}.Release|Any CPU.Build.0 = Release|Any CPU
		{B81C05BC-6EEA-4FB7-B99F-AE9E5C5FB5B2}.Debug|Any CPU.ActiveCfg = Debug|Any CPU
		{B81C05BC-6EEA-4FB7-B99F-AE9E5C5FB5B2}.Debug|Any CPU.Build.0 = Debug|Any CPU
		{B81C05BC-6EEA-4FB7-B99F-AE9E5C5FB5B2}.Release|Any CPU.ActiveCfg = Release|Any CPU
		{B81C05BC-6EEA-4FB7-B99F-AE9E5C5FB5B2}.Release|Any CPU.Build.0 = Release|Any CPU
		{B4D48B1E-36A0-422E-82CF-3F0B7720EBD1}.Debug|Any CPU.ActiveCfg = Debug|Any CPU
		{B4D48B1E-36A0-422E-82CF-3F0B7720EBD1}.Debug|Any CPU.Build.0 = Debug|Any CPU
		{B4D48B1E-36A0-422E-82CF-3F0B7720EBD1}.Release|Any CPU.ActiveCfg = Release|Any CPU
		{B4D48B1E-36A0-422E-82CF-3F0B7720EBD1}.Release|Any CPU.Build.0 = Release|Any CPU
		{8722D312-6306-4A83-ADE4-6B9E28B2A1AF}.Debug|Any CPU.ActiveCfg = Debug|Any CPU
		{8722D312-6306-4A83-ADE4-6B9E28B2A1AF}.Debug|Any CPU.Build.0 = Debug|Any CPU
		{8722D312-6306-4A83-ADE4-6B9E28B2A1AF}.Release|Any CPU.ActiveCfg = Release|Any CPU
		{8722D312-6306-4A83-ADE4-6B9E28B2A1AF}.Release|Any CPU.Build.0 = Release|Any CPU
		{8023A114-FD04-47D5-90B6-DDDDF5AF9A17}.Debug|Any CPU.ActiveCfg = Debug|Any CPU
		{8023A114-FD04-47D5-90B6-DDDDF5AF9A17}.Debug|Any CPU.Build.0 = Debug|Any CPU
		{8023A114-FD04-47D5-90B6-DDDDF5AF9A17}.Release|Any CPU.ActiveCfg = Release|Any CPU
		{8023A114-FD04-47D5-90B6-DDDDF5AF9A17}.Release|Any CPU.Build.0 = Release|Any CPU
	EndGlobalSection
	GlobalSection(SolutionProperties) = preSolution
		HideSolutionNode = FALSE
	EndGlobalSection
	GlobalSection(NestedProjects) = preSolution
		{0B69C351-5ADB-48B5-BB91-F39F34AA5E58} = {DD4E37F3-B676-44FF-804F-5043C4AA67FA}
		{0915B0CD-A2BB-4886-9CA2-AD65177D2530} = {DD4E37F3-B676-44FF-804F-5043C4AA67FA}
		{6ACCF2C9-5C4D-4CDB-A179-E86F9E4630D6} = {DD4E37F3-B676-44FF-804F-5043C4AA67FA}
		{F5E96CC0-22FE-45A8-A0D2-BF3A0D6F5A72} = {0D0AE04C-8EF5-40B5-9F76-2728FEBEA104}
		{236B8C68-35A1-4559-9E72-4940077C642E} = {0D0AE04C-8EF5-40B5-9F76-2728FEBEA104}
		{5CD50914-CCF0-4D1E-915C-38C0B81AFF7F} = {0D0AE04C-8EF5-40B5-9F76-2728FEBEA104}
		{16BCCF12-1112-4F73-AD35-DC648FA48E7F} = {9CC815BE-CD28-4ACA-BBDB-45E94CB56F57}
		{B37BBDCE-0191-4E37-8937-9C64E508ECE0} = {9CC815BE-CD28-4ACA-BBDB-45E94CB56F57}
		{E7C32AD5-8A18-401E-90FA-F63089D9B766} = {9CC815BE-CD28-4ACA-BBDB-45E94CB56F57}
		{5BBDF657-B330-4B92-B825-FCFC06BA5D10} = {5584B81E-42B5-4DE5-B6C4-624208353C3D}
		{3F689790-E540-4E10-BF5B-71B44A529BF3} = {5584B81E-42B5-4DE5-B6C4-624208353C3D}
		{A4B787BD-6DE7-43A0-A0D7-BB81286CCC4C} = {5584B81E-42B5-4DE5-B6C4-624208353C3D}
		{8F707071-E634-4D20-9623-53118985508C} = {617C1EBA-548F-4FC5-ADC3-135AB029354A}
		{D7BFBFB9-1192-41ED-9598-48E5B940C4B8} = {617C1EBA-548F-4FC5-ADC3-135AB029354A}
		{B81C05BC-6EEA-4FB7-B99F-AE9E5C5FB5B2} = {617C1EBA-548F-4FC5-ADC3-135AB029354A}
		{B4D48B1E-36A0-422E-82CF-3F0B7720EBD1} = {BAD9A276-28E1-4C21-8121-78F47E49500B}
		{8722D312-6306-4A83-ADE4-6B9E28B2A1AF} = {BAD9A276-28E1-4C21-8121-78F47E49500B}
		{8023A114-FD04-47D5-90B6-DDDDF5AF9A17} = {BAD9A276-28E1-4C21-8121-78F47E49500B}
	EndGlobalSection
	GlobalSection(ExtensibilityGlobals) = postSolution
		SolutionGuid = {5195010E-A5E3-41D7-AB71-CC56F188269C}
	EndGlobalSection
EndGlobal
